
Microsoft Visual Studio Solution File, Format Version 12.00
# Visual Studio Version 17
VisualStudioVersion = 17.2.32630.192
MinimumVisualStudioVersion = 10.0.40219.1
Project("{8BC9CEB8-8B4A-11D0-8D11-00A0C91BC942}") = "sample", "sample.vcxproj", "{BFDF3FDD-9C03-4A96-942E-F404615FD625}"
EndProject
Global
	GlobalSection(SolutionConfigurationPlatforms) = preSolution
		Debug|x64 = Debug|x64
		Debug|x86 = Debug|x86
		Release|x64 = Release|x64
		Release|x86 = Release|x86
	EndGlobalSection
	GlobalSection(ProjectConfigurationPlatforms) = postSolution
		{BFDF3FDD-9C03-4A96-942E-F404615FD625}.Debug|x64.ActiveCfg = Debug|x64
		{BFDF3FDD-9C03-4A96-942E-F404615FD625}.Debug|x64.Build.0 = Debug|x64
		{BFDF3FDD-9C03-4A96-942E-F404615FD625}.Debug|x86.ActiveCfg = Debug|Win32
		{BFDF3FDD-9C03-4A96-942E-F404615FD625}.Debug|x86.Build.0 = Debug|Win32
		{BFDF3FDD-9C03-4A96-942E-F404615FD625}.Release|x64.ActiveCfg = Release|x64
		{BFDF3FDD-9C03-4A96-942E-F404615FD625}.Release|x64.Build.0 = Release|x64
		{BFDF3FDD-9C03-4A96-942E-F404615FD625}.Release|x86.ActiveCfg = Release|Win32
		{BFDF3FDD-9C03-4A96-942E-F404615FD625}.Release|x86.Build.0 = Release|Win32
	EndGlobalSection
	GlobalSection(SolutionProperties) = preSolution
		HideSolutionNode = FALSE
	EndGlobalSection
	GlobalSection(ExtensibilityGlobals) = postSolution
		SolutionGuid = {AD5E69B2-6B9F-41EE-8DF7-CFCE867B043F}
	EndGlobalSection
EndGlobal
