
Microsoft Visual Studio Solution File, Format Version 12.00
# Visual Studio Version 16
VisualStudioVersion = 16.0.31229.75
MinimumVisualStudioVersion = 10.0.40219.1
Project("{8BC9CEB8-8B4A-11D0-8D11-00A0C91BC942}") = "Step3Project", "Step3Project.vcxproj", "{37711782-2FA1-4BE0-995A-785A86EB1909}"
EndProject
Global
	GlobalSection(SolutionConfigurationPlatforms) = preSolution
		Debug|x64 = Debug|x64
		Debug|x86 = Debug|x86
		Release|x64 = Release|x64
		Release|x86 = Release|x86
	EndGlobalSection
	GlobalSection(ProjectConfigurationPlatforms) = postSolution
		{37711782-2FA1-4BE0-995A-785A86EB1909}.Debug|x64.ActiveCfg = Debug|x64
		{37711782-2FA1-4BE0-995A-785A86EB1909}.Debug|x64.Build.0 = Debug|x64
		{37711782-2FA1-4BE0-995A-785A86EB1909}.Debug|x86.ActiveCfg = Debug|Win32
		{37711782-2FA1-4BE0-995A-785A86EB1909}.Debug|x86.Build.0 = Debug|Win32
		{37711782-2FA1-4BE0-995A-785A86EB1909}.Release|x64.ActiveCfg = Release|x64
		{37711782-2FA1-4BE0-995A-785A86EB1909}.Release|x64.Build.0 = Release|x64
		{37711782-2FA1-4BE0-995A-785A86EB1909}.Release|x86.ActiveCfg = Release|Win32
		{37711782-2FA1-4BE0-995A-785A86EB1909}.Release|x86.Build.0 = Release|Win32
	EndGlobalSection
	GlobalSection(SolutionProperties) = preSolution
		HideSolutionNode = FALSE
	EndGlobalSection
	GlobalSection(ExtensibilityGlobals) = postSolution
		SolutionGuid = {4101D719-1073-486D-BD9C-E992AB89A294}
	EndGlobalSection
EndGlobal
