
Microsoft Visual Studio Solution File, Format Version 12.00
# Visual Studio Version 17
VisualStudioVersion = 17.1.32328.378
MinimumVisualStudioVersion = 10.0.40219.1
Project("{8BC9CEB8-8B4A-11D0-8D11-00A0C91BC942}") = "Step2", "Step2.vcxproj", "{E8C132E7-F279-4F8D-918D-F9A9598172E6}"
EndProject
Global
	GlobalSection(SolutionConfigurationPlatforms) = preSolution
		Debug|x64 = Debug|x64
		Debug|x86 = Debug|x86
		Release|x64 = Release|x64
		Release|x86 = Release|x86
	EndGlobalSection
	GlobalSection(ProjectConfigurationPlatforms) = postSolution
		{E8C132E7-F279-4F8D-918D-F9A9598172E6}.Debug|x64.ActiveCfg = Debug|x64
		{E8C132E7-F279-4F8D-918D-F9A9598172E6}.Debug|x64.Build.0 = Debug|x64
		{E8C132E7-F279-4F8D-918D-F9A9598172E6}.Debug|x86.ActiveCfg = Debug|Win32
		{E8C132E7-F279-4F8D-918D-F9A9598172E6}.Debug|x86.Build.0 = Debug|Win32
		{E8C132E7-F279-4F8D-918D-F9A9598172E6}.Release|x64.ActiveCfg = Release|x64
		{E8C132E7-F279-4F8D-918D-F9A9598172E6}.Release|x64.Build.0 = Release|x64
		{E8C132E7-F279-4F8D-918D-F9A9598172E6}.Release|x86.ActiveCfg = Release|Win32
		{E8C132E7-F279-4F8D-918D-F9A9598172E6}.Release|x86.Build.0 = Release|Win32
	EndGlobalSection
	GlobalSection(SolutionProperties) = preSolution
		HideSolutionNode = FALSE
	EndGlobalSection
	GlobalSection(ExtensibilityGlobals) = postSolution
		SolutionGuid = {E4181517-C0BE-4EEF-901A-8F19E8C5AB57}
	EndGlobalSection
EndGlobal
